{
  "originHash" : "7762244fb1194086b58e1eafe38c3af05e14354c14c9bf20cd5f9ce3200e6cc8",
  "pins" : [
    {
      "identity" : "codablecsv",
      "kind" : "remoteSourceControl",
      "location" : "https://github.com/dehesa/CodableCSV",
      "state" : {
        "revision" : "99ace2cfdfbc19108b529c021005fb57a460e715",
        "version" : "0.6.7"
      }
    },
    {
      "identity" : "dgcharts",
      "kind" : "remoteSourceControl",
      "location" : "https://github.com/r-n-i/DGCharts",
      "state" : {
        "revision" : "dd9c72e3d7e751e769971092a6bd72d39198ae63",
        "version" : "5.1.0"
      }
    },
    {
      "identity" : "statkit",
      "kind" : "remoteSourceControl",
      "location" : "https://github.com/JimmyMAndersson/StatKit",
      "state" : {
        "revision" : "11e38775ffaae86b4e46af146e4abc0debbf1687",
        "version" : "0.7.1"
      }
    },
    {
      "identity" : "swift-numerics",
      "kind" : "remoteSourceControl",
      "location" : "https://github.com/apple/swift-numerics.git",
      "state" : {
        "revision" : "0c0290ff6b24942dadb83a929ffaaa1481df04a2",
        "version" : "1.1.1"
      }
    }
  ],
  "version" : 3
}
